
# cargo-vet imports lock

[[publisher.byteorder]]
version = "1.4.3"
when = "2021-03-10"
user-id = 189
user-login = "BurntSushi"
user-name = "Andrew Gallant"

[[publisher.bytes]]
version = "1.1.0"
when = "2021-08-25"
user-id = 6741
user-login = "Darksonn"
user-name = "Alice Ryhl"

[[publisher.cfg-expr]]
version = "0.10.2"
when = "2022-02-25"
user-id = 52553
user-login = "embark-studios"

[[publisher.cocoa]]
version = "0.24.1"
when = "2022-11-01"
user-id = 5946
user-login = "jrmuizel"
user-name = "Jeff Muizelaar"

[[publisher.cocoa-foundation]]
version = "0.1.0"
when = "2020-07-20"
user-id = 2396
user-login = "jdm"
user-name = "Josh Matthews"

[[publisher.core-foundation]]
version = "0.9.3"
when = "2022-02-07"
user-id = 5946
user-login = "jrmuizel"
user-name = "Jeff Muizelaar"

[[publisher.core-foundation-sys]]
version = "0.8.3"
when = "2021-10-12"
user-id = 2396
user-login = "jdm"
user-name = "Josh Matthews"

[[publisher.core-graphics]]
version = "0.22.3"
when = "2021-11-02"
user-id = 5946
user-login = "jrmuizel"
user-name = "Jeff Muizelaar"

[[publisher.core-graphics-types]]
version = "0.1.1"
when = "2020-09-15"
user-id = 2396
user-login = "jdm"
user-name = "Josh Matthews"

[[publisher.core-text]]
version = "19.2.0"
when = "2021-02-14"
user-id = 5946
user-login = "jrmuizel"
user-name = "Jeff Muizelaar"

[[publisher.ecolor]]
version = "0.22.0"
when = "2023-05-23"
user-id = 5619
user-login = "emilk"
user-name = "Emil Ernerfeldt"

[[publisher.eframe]]
version = "0.22.0"
when = "2023-05-23"
user-id = 5619
user-login = "emilk"
user-name = "Emil Ernerfeldt"

[[publisher.egui]]
version = "0.22.0"
when = "2023-05-23"
user-id = 5619
user-login = "emilk"
user-name = "Emil Ernerfeldt"

[[publisher.egui-winit]]
version = "0.22.0"
when = "2023-05-23"
user-id = 5619
user-login = "emilk"
user-name = "Emil Ernerfeldt"

[[publisher.egui_glow]]
version = "0.22.0"
when = "2023-05-23"
user-id = 5619
user-login = "emilk"
user-name = "Emil Ernerfeldt"

[[publisher.emath]]
version = "0.22.0"
when = "2023-05-23"
user-id = 5619
user-login = "emilk"
user-name = "Emil Ernerfeldt"

[[publisher.enumn]]
version = "0.1.6"
when = "2022-12-17"
user-id = 3618
user-login = "dtolnay"
user-name = "David Tolnay"

[[publisher.epaint]]
version = "0.22.0"
when = "2023-05-23"
user-id = 5619
user-login = "emilk"
user-name = "Emil Ernerfeldt"

[[publisher.indexmap]]
version = "1.9.1"
when = "2022-06-21"
user-id = 539
user-login = "cuviper"
user-name = "Josh Stone"

[[publisher.itoa]]
version = "1.0.1"
when = "2021-12-12"
user-id = 3618
user-login = "dtolnay"
user-name = "David Tolnay"

[[publisher.jobserver]]
version = "0.1.24"
when = "2021-08-16"
user-id = 1
user-login = "alexcrichton"
user-name = "Alex Crichton"

[[publisher.js-sys]]
version = "0.3.60"
when = "2022-09-12"
user-id = 1
user-login = "alexcrichton"
user-name = "Alex Crichton"

[[publisher.linux-raw-sys]]
version = "0.3.8"
when = "2023-05-19"
user-id = 6825
user-login = "sunfishcode"
user-name = "Dan Gohman"

[[publisher.lock_api]]
version = "0.4.7"
when = "2022-03-30"
user-id = 2915
user-login = "Amanieu"
user-name = "Amanieu d'Antras"

[[publisher.memchr]]
version = "2.5.0"
when = "2022-04-30"
user-id = 189
user-login = "BurntSushi"
user-name = "Andrew Gallant"

[[publisher.num_cpus]]
version = "1.13.1"
when = "2021-12-20"
user-id = 359
user-login = "seanmonstar"
user-name = "Sean McArthur"

[[publisher.parking_lot]]
version = "0.12.0"
when = "2022-01-28"
user-id = 2915
user-login = "Amanieu"
user-name = "Amanieu d'Antras"

[[publisher.parking_lot_core]]
version = "0.9.3"
when = "2022-04-30"
user-id = 2915
user-login = "Amanieu"
user-name = "Amanieu d'Antras"

[[publisher.proc-macro2]]
version = "1.0.58"
when = "2023-05-17"
user-id = 3618
user-login = "dtolnay"
user-name = "David Tolnay"

[[publisher.rayon]]
version = "1.5.2"
when = "2022-04-14"
user-id = 539
user-login = "cuviper"
user-name = "Josh Stone"

[[publisher.rayon-core]]
version = "1.9.2"
when = "2022-04-14"
user-id = 539
user-login = "cuviper"
user-name = "Josh Stone"

[[publisher.regex]]
version = "1.5.5"
when = "2022-03-08"
user-id = 189
user-login = "BurntSushi"
user-name = "Andrew Gallant"

[[publisher.rustix]]
version = "0.37.19"
when = "2023-05-04"
user-id = 6825
user-login = "sunfishcode"
user-name = "Dan Gohman"

[[publisher.ryu]]
version = "1.0.9"
when = "2021-12-12"
user-id = 3618
user-login = "dtolnay"
user-name = "David Tolnay"

[[publisher.serde]]
version = "1.0.137"
when = "2022-05-01"
user-id = 3618
user-login = "dtolnay"
user-name = "David Tolnay"

[[publisher.serde_derive]]
version = "1.0.137"
when = "2022-05-01"
user-id = 3618
user-login = "dtolnay"
user-name = "David Tolnay"

[[publisher.serde_json]]
version = "1.0.81"
when = "2022-05-03"
user-id = 3618
user-login = "dtolnay"
user-name = "David Tolnay"

[[publisher.smallvec]]
version = "1.8.0"
when = "2022-01-14"
user-id = 2017
user-login = "mbrubeck"
user-name = "Matt Brubeck"

[[publisher.syn]]
version = "2.0.16"
when = "2023-05-14"
user-id = 3618
user-login = "dtolnay"
user-name = "David Tolnay"

[[publisher.thiserror]]
version = "1.0.38"
when = "2022-12-17"
user-id = 3618
user-login = "dtolnay"
user-name = "David Tolnay"

[[publisher.thiserror-impl]]
version = "1.0.38"
when = "2022-12-17"
user-id = 3618
user-login = "dtolnay"
user-name = "David Tolnay"

[[publisher.unicode-segmentation]]
version = "1.9.0"
when = "2022-02-07"
user-id = 1139
user-login = "Manishearth"
user-name = "Manish Goregaokar"

[[publisher.wasm-bindgen]]
version = "0.2.86"
when = "2023-05-15"
user-id = 1
user-login = "alexcrichton"
user-name = "Alex Crichton"

[[publisher.wasm-bindgen-backend]]
version = "0.2.86"
when = "2023-05-15"
user-id = 1
user-login = "alexcrichton"
user-name = "Alex Crichton"

[[publisher.wasm-bindgen-futures]]
version = "0.4.33"
when = "2022-09-12"
user-id = 1
user-login = "alexcrichton"
user-name = "Alex Crichton"

[[publisher.wasm-bindgen-macro]]
version = "0.2.86"
when = "2023-05-15"
user-id = 1
user-login = "alexcrichton"
user-name = "Alex Crichton"

[[publisher.wasm-bindgen-macro-support]]
version = "0.2.86"
when = "2023-05-15"
user-id = 1
user-login = "alexcrichton"
user-name = "Alex Crichton"

[[publisher.wasm-bindgen-shared]]
version = "0.2.86"
when = "2023-05-15"
user-id = 1
user-login = "alexcrichton"
user-name = "Alex Crichton"

[[publisher.web-sys]]
version = "0.3.60"
when = "2022-09-12"
user-id = 1
user-login = "alexcrichton"
user-name = "Alex Crichton"

[[publisher.winapi-util]]
version = "0.1.5"
when = "2020-04-20"
user-id = 189
user-login = "BurntSushi"
user-name = "Andrew Gallant"

[[audits.embark.audits.anyhow]]
who = "Johan Andersson <opensource@embark-studios.com>"
criteria = "safe-to-deploy"
version = "1.0.58"

[[audits.embark.audits.cfg_aliases]]
who = "Johan Andersson <opensource@embark-studios.com>"
criteria = "safe-to-deploy"
version = "0.1.1"
notes = "No unsafe usage or ambient capabilities"

[[audits.embark.audits.cty]]
who = "Johan Andersson <opensource@embark-studios.com>"
criteria = "safe-to-deploy"
version = "0.2.2"
notes = "Inspected it and is a tiny crate with just type definitions"

[[audits.embark.audits.epaint]]
who = "Johan Andersson <opensource@embark-studios.com>"
criteria = "safe-to-deploy"
violation = "<0.20.0"
notes = "Specified crate license does not include licenses of embedded fonts if using default features or the `default_fonts` feature. Tracked in: https://github.com/emilk/egui/issues/2321"

[[audits.embark.audits.ident_case]]
who = "Johan Andersson <opensource@embark-studios.com>"
criteria = "safe-to-deploy"
version = "1.0.1"
notes = "No unsafe usage or ambient capabilities"

[[audits.embark.audits.natord]]
who = "Johan Andersson <opensource@embark-studios.com>"
criteria = "safe-to-deploy"
version = "1.0.9"
notes = "Inspected and it is a tiny crate with no unsafe or system interactions, just string comparisons"

[[audits.embark.audits.ndk-context]]
who = "Johan Andersson <opensource@embark-studios.com>"
criteria = "safe-to-deploy"
version = "0.1.1"
notes = "Tiny crate that initializes Android with FFI, looks sane. No other ambient capabilities"

[[audits.embark.audits.nohash-hasher]]
who = "Johan Andersson <opensource@embark-studios.com>"
criteria = "safe-to-deploy"
version = "0.2.0"
notes = "Tiny crate with no dependencies, no unsafe, and no ambient capabilities"

[[audits.embark.audits.png]]
who = "Johan Andersson <opensource@embark-studios.com>"
criteria = "safe-to-deploy"
version = "0.17.8"
notes = "Forbids unsafe, no ambient capabilities"

[[audits.embark.audits.tinyvec_macros]]
who = "Johan Andersson <opensource@embark-studios.com>"
criteria = "safe-to-deploy"
version = "0.1.0"
notes = "Inspected it and is a tiny crate with single safe macro"

[[audits.embark.audits.vec_map]]
who = "Johan Andersson <opensource@embark-studios.com>"
criteria = "safe-to-deploy"
version = "0.8.2"
notes = "No unsafe usage or ambient capabilities"

[[audits.fermyon.audits.oorandom]]
who = "Radu Matei <radu.matei@fermyon.com>"
criteria = "safe-to-run"
version = "11.1.3"

[[audits.firefox.wildcard-audits.cocoa]]
who = "Bobby Holley <bobbyholley@gmail.com>"
criteria = "safe-to-deploy"
user-id = 5946 # Jeff Muizelaar (jrmuizel)
start = "2022-11-01"
end = "2023-05-04"
renew = false
notes = "I've reviewed every source contribution that was neither authored nor reviewed by Mozilla."

[[audits.firefox.wildcard-audits.cocoa-foundation]]
who = "Bobby Holley <bobbyholley@gmail.com>"
criteria = "safe-to-deploy"
user-id = 2396 # Josh Matthews (jdm)
start = "2020-07-20"
end = "2023-05-04"
renew = false
notes = "I've reviewed every source contribution that was neither authored nor reviewed by Mozilla."

[[audits.firefox.wildcard-audits.core-foundation]]
who = "Bobby Holley <bobbyholley@gmail.com>"
criteria = "safe-to-deploy"
user-id = 5946 # Jeff Muizelaar (jrmuizel)
start = "2019-03-29"
end = "2023-05-04"
renew = false
notes = "I've reviewed every source contribution that was neither authored nor reviewed by Mozilla."

[[audits.firefox.wildcard-audits.core-foundation-sys]]
who = "Bobby Holley <bobbyholley@gmail.com>"
criteria = "safe-to-deploy"
user-id = 2396 # Josh Matthews (jdm)
start = "2019-11-12"
end = "2023-05-04"
renew = false
notes = "I've reviewed every source contribution that was neither authored nor reviewed by Mozilla."

[[audits.firefox.wildcard-audits.core-graphics]]
who = "Bobby Holley <bobbyholley@gmail.com>"
criteria = "safe-to-deploy"
user-id = 5946 # Jeff Muizelaar (jrmuizel)
start = "2020-12-08"
end = "2023-05-04"
renew = false
notes = "I've reviewed every source contribution that was neither authored nor reviewed by Mozilla."

[[audits.firefox.wildcard-audits.core-graphics-types]]
who = "Bobby Holley <bobbyholley@gmail.com>"
criteria = "safe-to-deploy"
user-id = 2396 # Josh Matthews (jdm)
start = "2020-07-20"
end = "2023-05-04"
renew = false
notes = "I've reviewed every source contribution that was neither authored nor reviewed by Mozilla."

[[audits.firefox.wildcard-audits.core-text]]
who = "Bobby Holley <bobbyholley@gmail.com>"
criteria = "safe-to-deploy"
user-id = 5946 # Jeff Muizelaar (jrmuizel)
start = "2021-02-14"
end = "2023-05-04"
renew = false
notes = "I've reviewed every source contribution that was neither authored nor reviewed by Mozilla."

[[audits.firefox.wildcard-audits.unicode-segmentation]]
who = "Manish Goregaokar <manishsmail@gmail.com>"
criteria = "safe-to-deploy"
user-id = 1139 # Manish Goregaokar (Manishearth)
start = "2019-05-15"
end = "2024-05-03"
notes = "All code written or reviewed by Manish"

[[audits.firefox.audits.anyhow]]
who = "Bobby Holley <bobbyholley@gmail.com>"
criteria = "safe-to-deploy"
delta = "1.0.58 -> 1.0.57"
notes = "No functional differences, just CI config and docs."

[[audits.firefox.audits.atomic_refcell]]
who = "Bobby Holley <bholley@mozilla.com>"
criteria = "safe-to-deploy"
version = "0.1.8"
notes = "I maintain this crate and have reviewed every line."

[[audits.firefox.audits.autocfg]]
who = "Josh Stone <jistone@redhat.com>"
criteria = "safe-to-deploy"
version = "1.1.0"
notes = "All code written or reviewed by Josh Stone."

[[audits.firefox.audits.dwrote]]
who = "Bobby Holley <bobbyholley@gmail.com>"
criteria = "safe-to-deploy"
version = "0.11.0"
notes = "All code written or reviewed by Mozilla staff."

[[audits.firefox.audits.env_logger]]
who = "Nicolas Silva <nical@fastmail.com>"
criteria = "safe-to-deploy"
delta = "0.9.3 -> 0.10.0"

[[audits.firefox.audits.fnv]]
who = "Bobby Holley <bobbyholley@gmail.com>"
criteria = "safe-to-deploy"
version = "1.0.7"
notes = "Simple hasher implementation with no unsafe code."

[[audits.firefox.audits.half]]
who = "John M. Schanck <jschanck@mozilla.com>"
criteria = "safe-to-deploy"
version = "1.8.2"
notes = """
This crate contains unsafe code for bitwise casts to/from binary16 floating-point
format. I've reviewed these and found no issues. There are no uses of ambient
capabilities.
"""

[[audits.firefox.audits.hashbrown]]
who = "Mike Hommey <mh+mozilla@glandium.org>"
criteria = "safe-to-deploy"
version = "0.12.3"
notes = "This version is used in rust's libstd, so effectively we're already trusting it"

[[audits.firefox.audits.idna]]
who = "Bobby Holley <bobbyholley@gmail.com>"
criteria = "safe-to-deploy"
delta = "0.3.0 -> 0.2.3"
notes = "Backwards diff with some algorithm changes, no unsafe code."

[[audits.firefox.audits.log]]
who = "Mike Hommey <mh+mozilla@glandium.org>"
criteria = "safe-to-deploy"
version = "0.4.17"

[[audits.firefox.audits.malloc_buf]]
who = "Bobby Holley <bobbyholley@gmail.com>"
criteria = "safe-to-deploy"
version = "0.0.6"
notes = """
Very small crate for managing malloc-ed buffers, primarily for use in the objc crate.
There is an edge-case condition that passes slice::from_raw_parts(0x1, 0) which I'm
not entirely certain is technically sound, but in either case I am reasonably confident
it's not exploitable.
"""

[[audits.firefox.audits.matches]]
who = "Bobby Holley <bobbyholley@gmail.com>"
criteria = "safe-to-deploy"
version = "0.1.9"
notes = "This is a trivial crate."

[[audits.firefox.audits.num-integer]]
who = "Josh Stone <jistone@redhat.com>"
criteria = "safe-to-deploy"
version = "0.1.45"
notes = "All code written or reviewed by Josh Stone."

[[audits.firefox.audits.num-rational]]
who = "Josh Stone <jistone@redhat.com>"
criteria = "safe-to-deploy"
version = "0.4.1"
notes = "All code written or reviewed by Josh Stone."

[[audits.firefox.audits.num-traits]]
who = "Josh Stone <jistone@redhat.com>"
criteria = "safe-to-deploy"
version = "0.2.15"
notes = "All code written or reviewed by Josh Stone."

[[audits.firefox.audits.raw-window-handle]]
who = "Jim Blandy <jimb@red-bean.com>"
criteria = "safe-to-deploy"
version = "0.5.0"
notes = "I looked through all the sources of the v0.5.0 crate."

[[audits.firefox.audits.termcolor]]
who = "Mike Hommey <mh+mozilla@glandium.org>"
criteria = "safe-to-deploy"
delta = "1.1.3 -> 1.2.0"

[[audits.google.audits.aho-corasick]]
who = "George Burgess IV <gbiv@google.com>"
criteria = "safe-to-deploy"
version = "0.7.20"
aggregated-from = "https://chromium.googlesource.com/chromiumos/third_party/rust_crates/+/refs/heads/main/cargo-vet/audits.toml?format=TEXT"

[[audits.google.audits.atty]]
who = "Android Legacy"
criteria = "safe-to-deploy"
version = "0.2.14"
aggregated-from = "https://chromium.googlesource.com/chromiumos/third_party/rust_crates/+/refs/heads/main/cargo-vet/audits.toml?format=TEXT"

[[audits.google.audits.base64]]
who = "Android Legacy"
criteria = "safe-to-deploy"
version = "0.13.0"
aggregated-from = "https://chromium.googlesource.com/chromiumos/third_party/rust_crates/+/refs/heads/main/cargo-vet/audits.toml?format=TEXT"

[[audits.google.audits.bytemuck]]
who = "George Burgess IV <gbiv@google.com>"
criteria = "safe-to-deploy"
version = "1.13.0"
aggregated-from = "https://chromium.googlesource.com/chromiumos/third_party/rust_crates/+/refs/heads/main/cargo-vet/audits.toml?format=TEXT"

[[audits.google.audits.cfg-if]]
who = "Android Legacy"
criteria = "safe-to-deploy"
version = "1.0.0"
aggregated-from = "https://chromium.googlesource.com/chromiumos/third_party/rust_crates/+/refs/heads/main/cargo-vet/audits.toml?format=TEXT"

[[audits.google.audits.clap]]
who = "ChromeOS"
criteria = "safe-to-deploy"
version = "3.2.22"
aggregated-from = "https://chromium.googlesource.com/chromiumos/third_party/rust_crates/+/refs/heads/main/cargo-vet/audits.toml?format=TEXT"

[[audits.google.audits.clap_lex]]
who = "ChromeOS"
criteria = "safe-to-deploy"
version = "0.2.4"
aggregated-from = "https://chromium.googlesource.com/chromiumos/third_party/rust_crates/+/refs/heads/main/cargo-vet/audits.toml?format=TEXT"

[[audits.google.audits.cmake]]
who = "ChromeOS"
criteria = "safe-to-deploy"
version = "0.1.48"
aggregated-from = "https://chromium.googlesource.com/chromiumos/third_party/rust_crates/+/refs/heads/main/cargo-vet/audits.toml?format=TEXT"

[[audits.google.audits.color_quant]]
who = "George Burgess IV <gbiv@google.com>"
criteria = "safe-to-deploy"
version = "1.1.0"
aggregated-from = "https://chromium.googlesource.com/chromiumos/third_party/rust_crates/+/refs/heads/main/cargo-vet/audits.toml?format=TEXT"

[[audits.google.audits.env_logger]]
who = "George Burgess IV <gbiv@google.com>"
criteria = "safe-to-deploy"
version = "0.9.3"
aggregated-from = "https://chromium.googlesource.com/chromiumos/third_party/rust_crates/+/refs/heads/main/cargo-vet/audits.toml?format=TEXT"

[[audits.google.audits.flate2]]
who = "George Burgess IV <gbiv@google.com>"
criteria = "safe-to-deploy"
version = "1.0.26"
aggregated-from = "https://chromium.googlesource.com/chromiumos/third_party/rust_crates/+/refs/heads/main/cargo-vet/audits.toml?format=TEXT"

[[audits.google.audits.foreign-types]]
who = "George Burgess IV <gbiv@google.com>"
criteria = "safe-to-deploy"
version = "0.3.2"
aggregated-from = "https://chromium.googlesource.com/chromiumos/third_party/rust_crates/+/refs/heads/main/cargo-vet/audits.toml?format=TEXT"

[[audits.google.audits.foreign-types-shared]]
who = "George Burgess IV <gbiv@google.com>"
criteria = "safe-to-deploy"
version = "0.1.1"
aggregated-from = "https://chromium.googlesource.com/chromiumos/third_party/rust_crates/+/refs/heads/main/cargo-vet/audits.toml?format=TEXT"

[[audits.google.audits.heck]]
who = "ChromeOS"
criteria = "safe-to-deploy"
version = "0.4.0"
aggregated-from = "https://chromium.googlesource.com/chromiumos/third_party/rust_crates/+/refs/heads/main/cargo-vet/audits.toml?format=TEXT"

[[audits.google.audits.heck]]
who = "George Burgess IV <gbiv@google.com>"
criteria = "safe-to-deploy"
delta = "0.4.0 -> 0.3.3"
aggregated-from = "https://chromium.googlesource.com/chromiumos/third_party/rust_crates/+/refs/heads/main/cargo-vet/audits.toml?format=TEXT"

[[audits.google.audits.idna]]
who = "George Burgess IV <gbiv@google.com>"
criteria = "safe-to-deploy"
version = "0.3.0"
aggregated-from = "https://chromium.googlesource.com/chromiumos/third_party/rust_crates/+/refs/heads/main/cargo-vet/audits.toml?format=TEXT"

[[audits.google.audits.io-lifetimes]]
who = "George Burgess IV <gbiv@google.com>"
criteria = "safe-to-deploy"
version = "1.0.10"
aggregated-from = "https://chromium.googlesource.com/chromiumos/third_party/rust_crates/+/refs/heads/main/cargo-vet/audits.toml?format=TEXT"

[[audits.google.audits.lazy_static]]
who = "Android Legacy"
criteria = "safe-to-deploy"
version = "1.4.0"
aggregated-from = "https://chromium.googlesource.com/chromiumos/third_party/rust_crates/+/refs/heads/main/cargo-vet/audits.toml?format=TEXT"

[[audits.google.audits.miniz_oxide]]
who = "George Burgess IV <gbiv@google.com>"
criteria = "safe-to-deploy"
version = "0.6.2"
aggregated-from = "https://chromium.googlesource.com/chromiumos/third_party/rust_crates/+/refs/heads/main/cargo-vet/audits.toml?format=TEXT"

[[audits.google.audits.miniz_oxide]]
who = "George Burgess IV <gbiv@google.com>"
criteria = "safe-to-deploy"
delta = "0.6.2 -> 0.7.1"
aggregated-from = "https://chromium.googlesource.com/chromiumos/third_party/rust_crates/+/refs/heads/main/cargo-vet/audits.toml?format=TEXT"

[[audits.google.audits.nix]]
who = "ChromeOS"
criteria = "safe-to-deploy"
version = "0.24.2"
aggregated-from = "https://chromium.googlesource.com/chromiumos/third_party/rust_crates/+/refs/heads/main/cargo-vet/audits.toml?format=TEXT"

[[audits.google.audits.num_threads]]
who = "George Burgess IV <gbiv@google.com>"
criteria = "safe-to-deploy"
version = "0.1.6"
aggregated-from = "https://chromium.googlesource.com/chromiumos/third_party/rust_crates/+/refs/heads/main/cargo-vet/audits.toml?format=TEXT"

[[audits.google.audits.os_str_bytes]]
who = "ChromeOS"
criteria = "safe-to-deploy"
version = "6.3.0"
aggregated-from = "https://chromium.googlesource.com/chromiumos/third_party/rust_crates/+/refs/heads/main/cargo-vet/audits.toml?format=TEXT"

[[audits.google.audits.quote]]
who = "ChromeOS"
criteria = "safe-to-deploy"
version = "1.0.23"
aggregated-from = "https://chromium.googlesource.com/chromiumos/third_party/rust_crates/+/refs/heads/main/cargo-vet/audits.toml?format=TEXT"

[[audits.google.audits.regex-syntax]]
who = "Android Legacy"
criteria = "safe-to-deploy"
version = "0.6.25"
aggregated-from = "https://chromium.googlesource.com/chromiumos/third_party/rust_crates/+/refs/heads/main/cargo-vet/audits.toml?format=TEXT"

[[audits.google.audits.same-file]]
who = "Android Legacy"
criteria = "safe-to-deploy"
version = "1.0.6"
aggregated-from = "https://chromium.googlesource.com/chromiumos/third_party/rust_crates/+/refs/heads/main/cargo-vet/audits.toml?format=TEXT"

[[audits.google.audits.scoped-tls]]
who = "George Burgess IV <gbiv@google.com>"
criteria = "safe-to-deploy"
version = "1.0.0"
aggregated-from = "https://chromium.googlesource.com/chromiumos/third_party/rust_crates/+/refs/heads/main/cargo-vet/audits.toml?format=TEXT"

[[audits.google.audits.scopeguard]]
who = "Android Legacy"
criteria = "safe-to-deploy"
version = "1.1.0"
aggregated-from = "https://chromium.googlesource.com/chromiumos/third_party/rust_crates/+/refs/heads/main/cargo-vet/audits.toml?format=TEXT"

[[audits.google.audits.static_assertions]]
who = "ChromeOS"
criteria = "safe-to-deploy"
version = "1.1.0"
aggregated-from = "https://chromium.googlesource.com/chromiumos/third_party/rust_crates/+/refs/heads/main/cargo-vet/audits.toml?format=TEXT"

[[audits.google.audits.syn]]
who = "ChromeOS"
criteria = "safe-to-deploy"
version = "1.0.107"
aggregated-from = "https://chromium.googlesource.com/chromiumos/third_party/rust_crates/+/refs/heads/main/cargo-vet/audits.toml?format=TEXT"

[[audits.google.audits.termcolor]]
who = "George Burgess IV <gbiv@google.com>"
criteria = "safe-to-deploy"
version = "1.1.3"
aggregated-from = "https://chromium.googlesource.com/chromiumos/third_party/rust_crates/+/refs/heads/main/cargo-vet/audits.toml?format=TEXT"

[[audits.google.audits.textwrap]]
who = "ChromeOS"
criteria = "safe-to-deploy"
version = "0.15.1"
aggregated-from = "https://chromium.googlesource.com/chromiumos/third_party/rust_crates/+/refs/heads/main/cargo-vet/audits.toml?format=TEXT"

[[audits.google.audits.unicode-ident]]
who = "ChromeOS"
criteria = "safe-to-deploy"
version = "1.0.6"
aggregated-from = "https://chromium.googlesource.com/chromiumos/third_party/rust_crates/+/refs/heads/main/cargo-vet/audits.toml?format=TEXT"

[[audits.google.audits.version_check]]
who = "George Burgess IV <gbiv@google.com>"
criteria = "safe-to-deploy"
version = "0.9.4"
aggregated-from = "https://chromium.googlesource.com/chromiumos/third_party/rust_crates/+/refs/heads/main/cargo-vet/audits.toml?format=TEXT"

[[audits.google.audits.walkdir]]
who = "Android Legacy"
criteria = "safe-to-deploy"
version = "2.3.2"
aggregated-from = "https://chromium.googlesource.com/chromiumos/third_party/rust_crates/+/refs/heads/main/cargo-vet/audits.toml?format=TEXT"

[[audits.isrg.audits.ciborium-io]]
who = "David Cook <dcook@divviup.org>"
criteria = "safe-to-run"
version = "0.2.0"

[[audits.isrg.audits.either]]
who = "David Cook <dcook@divviup.org>"
criteria = "safe-to-deploy"
version = "1.6.1"

[[audits.mozilla.audits.backtrace]]
who = "Nika Layzell <nika@thelayzells.com>"
criteria = "safe-to-deploy"
delta = "0.3.66 -> 0.3.65"
notes = "Only changes were to the miri backend, which will be checked"
aggregated-from = "https://raw.githubusercontent.com/mozilla/cargo-vet/main/supply-chain/audits.toml"

[[audits.wasmtime.audits.anes]]
who = "Pat Hickey <phickey@fastly.com>"
criteria = "safe-to-deploy"
version = "0.1.6"
notes = "Contains no unsafe code, no IO, no build.rs."

[[audits.wasmtime.audits.arrayref]]
who = "Nick Fitzgerald <fitzgen@gmail.com>"
criteria = "safe-to-deploy"
version = "0.3.6"
notes = """
Unsafe code, but its logic looks good to me. Necessary given what it is
doing. Well tested, has quickchecks.
"""

[[audits.wasmtime.audits.arrayvec]]
who = "Nick Fitzgerald <fitzgen@gmail.com>"
criteria = "safe-to-deploy"
version = "0.7.2"
notes = """
Well documented invariants, good assertions for those invariants in unsafe code,
and tested with MIRI to boot. LGTM.
"""

[[audits.wasmtime.audits.backtrace]]
who = "Alex Crichton <alex@alexcrichton.com>"
criteria = "safe-to-deploy"
version = "0.3.66"
notes = "I am the author of this crate."

[[audits.wasmtime.audits.bumpalo]]
who = "Nick Fitzgerald <fitzgen@gmail.com>"
criteria = "safe-to-deploy"
version = "3.9.1"
notes = "I am the author of this crate."

[[audits.wasmtime.audits.cc]]
who = "Alex Crichton <alex@alexcrichton.com>"
criteria = "safe-to-deploy"
version = "1.0.73"
notes = "I am the author of this crate."

[[audits.wasmtime.audits.ciborium]]
who = "Pat Hickey <phickey@fastly.com>"
criteria = "safe-to-deploy"
version = "0.2.0"

[[audits.wasmtime.audits.ciborium-ll]]
who = "Pat Hickey <phickey@fastly.com>"
criteria = "safe-to-deploy"
version = "0.2.0"

[[audits.wasmtime.audits.errno]]
who = "Dan Gohman <dev@sunfishcode.online>"
criteria = "safe-to-deploy"
version = "0.3.0"
notes = "This crate uses libc and windows-sys APIs to get and set the raw OS error value."

[[audits.wasmtime.audits.errno]]
who = "Dan Gohman <dev@sunfishcode.online>"
criteria = "safe-to-deploy"
delta = "0.3.0 -> 0.3.1"
notes = "Just a dependency version bump and a bug fix for redox"

[[audits.wasmtime.audits.is-terminal]]
who = "Dan Gohman <dev@sunfishcode.online>"
criteria = "safe-to-deploy"
version = "0.4.7"
notes = """
The is-terminal implementation code is now sync'd up with the prototype
implementation in the Rust standard library.
"""

[[audits.wasmtime.audits.pkg-config]]
who = "Pat Hickey <phickey@fastly.com>"
criteria = "safe-to-deploy"
version = "0.3.25"
notes = "This crate shells out to the pkg-config executable, but it appears to sanitize inputs reasonably."

[[audits.wasmtime.audits.quote]]
who = "Pat Hickey <phickey@fastly.com>"
criteria = "safe-to-deploy"
delta = "1.0.23 -> 1.0.27"

[[audits.wasmtime.audits.rustc-demangle]]
who = "Alex Crichton <alex@alexcrichton.com>"
criteria = "safe-to-deploy"
version = "0.1.21"
notes = "I am the author of this crate."

[[audits.wasmtime.audits.tinyvec]]
who = "Alex Crichton <alex@alexcrichton.com>"
criteria = "safe-to-deploy"
version = "1.6.0"
notes = """
This crate, while it implements collections, does so without `std::*` APIs and
without `unsafe`. Skimming the crate everything looks reasonable and what one
would expect from idiomatic safe collections in Rust.
"""

[[audits.wasmtime.audits.unicode-bidi]]
who = "Alex Crichton <alex@alexcrichton.com>"
criteria = "safe-to-deploy"
version = "0.3.8"
notes = """
This crate has no unsafe code and does not use `std::*`. Skimming the crate it
does not attempt to out of the bounds of what it's already supposed to be doing.
"""

[[audits.wasmtime.audits.unicode-normalization]]
who = "Alex Crichton <alex@alexcrichton.com>"
criteria = "safe-to-deploy"
version = "0.1.19"
notes = """
This crate contains one usage of `unsafe` which I have manually checked to see
it as correct. This crate's size comes in large part due to the generated
unicode tables that it contains. This crate is additionally widely used
throughout the ecosystem and skimming the crate shows no usage of `std::*` APIs
and nothing suspicious.
"""

[[audits.wasmtime.audits.windows-sys]]
who = "Dan Gohman <dev@sunfishcode.online>"
criteria = "safe-to-deploy"
version = "0.42.0"
notes = "This is a Windows API bindings library maintained by Microsoft themselves."

[[audits.wasmtime.audits.windows-sys]]
who = "Dan Gohman <dev@sunfishcode.online>"
criteria = "safe-to-deploy"
version = "0.48.0"
notes = "This is a Windows API bindings library maintained by Microsoft themselves."

[[audits.wasmtime.audits.windows-sys]]
who = "Pat Hickey <phickey@fastly.com>"
criteria = "safe-to-deploy"
delta = "0.42.0 -> 0.45.0"
notes = "This is a Windows API bindings library maintained by Microsoft themselves."

[[audits.wasmtime.audits.windows-targets]]
who = "Pat Hickey <phickey@fastly.com>"
criteria = "safe-to-deploy"
version = "0.42.1"
notes = "This is a Windows API bindings library maintained by Microsoft themselves. Additionally, this particular crate is empty and just collects a bunch of dependencies, which are not exported, so I don't understand why it exists at all."

[[audits.wasmtime.audits.windows-targets]]
who = "Dan Gohman <dev@sunfishcode.online>"
criteria = "safe-to-deploy"
version = "0.48.0"
notes = "This is a Windows API bindings library maintained by Microsoft themselves. It just provides the import libs needed by windows-sys."

[[audits.wasmtime.audits.windows_aarch64_gnullvm]]
who = "Dan Gohman <dev@sunfishcode.online>"
criteria = "safe-to-deploy"
version = "0.42.0"
notes = "This is a Windows API bindings library maintained by Microsoft themselves."

[[audits.wasmtime.audits.windows_aarch64_gnullvm]]
who = "Dan Gohman <dev@sunfishcode.online>"
criteria = "safe-to-deploy"
version = "0.48.0"
notes = "This is a Windows API bindings library maintained by Microsoft themselves."

[[audits.wasmtime.audits.windows_aarch64_gnullvm]]
who = "Pat Hickey <phickey@fastly.com>"
criteria = "safe-to-deploy"
delta = "0.42.0 -> 0.42.1"
notes = "This is a Windows API bindings library maintained by Microsoft themselves. The diff is just adding license files."

[[audits.wasmtime.audits.windows_aarch64_msvc]]
who = "Dan Gohman <dev@sunfishcode.online>"
criteria = "safe-to-deploy"
version = "0.42.0"
notes = "This is a Windows API bindings library maintained by Microsoft themselves."

[[audits.wasmtime.audits.windows_aarch64_msvc]]
who = "Dan Gohman <dev@sunfishcode.online>"
criteria = "safe-to-deploy"
version = "0.48.0"
notes = "This is a Windows API bindings library maintained by Microsoft themselves."

[[audits.wasmtime.audits.windows_aarch64_msvc]]
who = "Pat Hickey <phickey@fastly.com>"
criteria = "safe-to-deploy"
delta = "0.42.0 -> 0.42.1"
notes = "This is a Windows API bindings library maintained by Microsoft themselves. The diff is just adding license files."

[[audits.wasmtime.audits.windows_i686_gnu]]
who = "Dan Gohman <dev@sunfishcode.online>"
criteria = "safe-to-deploy"
version = "0.42.0"
notes = "This is a Windows API bindings library maintained by Microsoft themselves."

[[audits.wasmtime.audits.windows_i686_gnu]]
who = "Dan Gohman <dev@sunfishcode.online>"
criteria = "safe-to-deploy"
version = "0.48.0"
notes = "This is a Windows API bindings library maintained by Microsoft themselves."

[[audits.wasmtime.audits.windows_i686_gnu]]
who = "Pat Hickey <phickey@fastly.com>"
criteria = "safe-to-deploy"
delta = "0.42.0 -> 0.42.1"
notes = "This is a Windows API bindings library maintained by Microsoft themselves. The diff is just adding license files."

[[audits.wasmtime.audits.windows_i686_msvc]]
who = "Dan Gohman <dev@sunfishcode.online>"
criteria = "safe-to-deploy"
version = "0.42.0"
notes = "This is a Windows API bindings library maintained by Microsoft themselves."

[[audits.wasmtime.audits.windows_i686_msvc]]
who = "Dan Gohman <dev@sunfishcode.online>"
criteria = "safe-to-deploy"
version = "0.48.0"
notes = "This is a Windows API bindings library maintained by Microsoft themselves."

[[audits.wasmtime.audits.windows_i686_msvc]]
who = "Pat Hickey <phickey@fastly.com>"
criteria = "safe-to-deploy"
delta = "0.42.0 -> 0.42.1"
notes = "This is a Windows API bindings library maintained by Microsoft themselves. The diff is just adding license files."

[[audits.wasmtime.audits.windows_x86_64_gnu]]
who = "Dan Gohman <dev@sunfishcode.online>"
criteria = "safe-to-deploy"
version = "0.42.0"
notes = "This is a Windows API bindings library maintained by Microsoft themselves."

[[audits.wasmtime.audits.windows_x86_64_gnu]]
who = "Dan Gohman <dev@sunfishcode.online>"
criteria = "safe-to-deploy"
version = "0.48.0"
notes = "This is a Windows API bindings library maintained by Microsoft themselves."

[[audits.wasmtime.audits.windows_x86_64_gnu]]
who = "Pat Hickey <phickey@fastly.com>"
criteria = "safe-to-deploy"
delta = "0.42.0 -> 0.42.1"
notes = "This is a Windows API bindings library maintained by Microsoft themselves. The diff is just adding license files."

[[audits.wasmtime.audits.windows_x86_64_gnullvm]]
who = "Dan Gohman <dev@sunfishcode.online>"
criteria = "safe-to-deploy"
version = "0.42.0"
notes = "This is a Windows API bindings library maintained by Microsoft themselves."

[[audits.wasmtime.audits.windows_x86_64_gnullvm]]
who = "Dan Gohman <dev@sunfishcode.online>"
criteria = "safe-to-deploy"
version = "0.48.0"
notes = "This is a Windows API bindings library maintained by Microsoft themselves."

[[audits.wasmtime.audits.windows_x86_64_gnullvm]]
who = "Pat Hickey <phickey@fastly.com>"
criteria = "safe-to-deploy"
delta = "0.42.0 -> 0.42.1"
notes = "This is a Windows API bindings library maintained by Microsoft themselves. The diff is just adding license files."

[[audits.wasmtime.audits.windows_x86_64_msvc]]
who = "Dan Gohman <dev@sunfishcode.online>"
criteria = "safe-to-deploy"
version = "0.42.0"
notes = "This is a Windows API bindings library maintained by Microsoft themselves."

[[audits.wasmtime.audits.windows_x86_64_msvc]]
who = "Dan Gohman <dev@sunfishcode.online>"
criteria = "safe-to-deploy"
version = "0.48.0"
notes = "This is a Windows API bindings library maintained by Microsoft themselves."

[[audits.wasmtime.audits.windows_x86_64_msvc]]
who = "Pat Hickey <phickey@fastly.com>"
criteria = "safe-to-deploy"
delta = "0.42.0 -> 0.42.1"
notes = "This is a Windows API bindings library maintained by Microsoft themselves. The diff is just adding license files."

[audits.zcash.audits]
